
Microsoft Visual Studio Solution File, Format Version 12.00
# Visual Studio Version 18
VisualStudioVersion = 18.4.11612.150 stable
MinimumVisualStudioVersion = 10.0.40219.1
Project("{FAE04EC0-301F-11D3-BF4B-00C04F79EFBC}") = "HiCModFramework", "HiCModFramework.csproj", "{9CD99E18-03E2-9D95-3C90-D2795E38C318}"
EndProject
Global
	GlobalSection(SolutionConfigurationPlatforms) = preSolution
		Debug|Any CPU = Debug|Any CPU
		Release|Any CPU = Release|Any CPU
	EndGlobalSection
	GlobalSection(ProjectConfigurationPlatforms) = postSolution
		{9CD99E18-03E2-9D95-3C90-D2795E38C318}.Debug|Any CPU.ActiveCfg = Debug|Any CPU
		{9CD99E18-03E2-9D95-3C90-D2795E38C318}.Debug|Any CPU.Build.0 = Debug|Any CPU
		{9CD99E18-03E2-9D95-3C90-D2795E38C318}.Release|Any CPU.ActiveCfg = Release|Any CPU
		{9CD99E18-03E2-9D95-3C90-D2795E38C318}.Release|Any CPU.Build.0 = Release|Any CPU
	EndGlobalSection
	GlobalSection(SolutionProperties) = preSolution
		HideSolutionNode = FALSE
	EndGlobalSection
	GlobalSection(ExtensibilityGlobals) = postSolution
		SolutionGuid = {1D9E688A-3042-46A7-BF39-3ADED6051240}
	EndGlobalSection
EndGlobal
